
Microsoft Visual Studio Solution File, Format Version 12.00
# Visual Studio 15
VisualStudioVersion = 15.0.27428.2011
MinimumVisualStudioVersion = 10.0.40219.1
Project("{FAE04EC0-301F-11D3-BF4B-00C04F79EFBC}") = "Tabler", "Tabler\Tabler.csproj", "{59202FAA-75F1-4A4A-A7D0-0D2A47CE2A1F}"
EndProject
Project("{FAE04EC0-301F-11D3-BF4B-00C04F79EFBC}") = "TableTester", "TableTester\TableTester.csproj", "{7F4D8EE9-56E6-446C-B582-34CDFD7A29B0}"
EndProject
Global
	GlobalSection(SolutionConfigurationPlatforms) = preSolution
		Debug|Any CPU = Debug|Any CPU
		Release|Any CPU = Release|Any CPU
	EndGlobalSection
	GlobalSection(ProjectConfigurationPlatforms) = postSolution
		{59202FAA-75F1-4A4A-A7D0-0D2A47CE2A1F}.Debug|Any CPU.ActiveCfg = Debug|Any CPU
		{59202FAA-75F1-4A4A-A7D0-0D2A47CE2A1F}.Debug|Any CPU.Build.0 = Debug|Any CPU
		{59202FAA-75F1-4A4A-A7D0-0D2A47CE2A1F}.Release|Any CPU.ActiveCfg = Release|Any CPU
		{59202FAA-75F1-4A4A-A7D0-0D2A47CE2A1F}.Release|Any CPU.Build.0 = Release|Any CPU
		{7F4D8EE9-56E6-446C-B582-34CDFD7A29B0}.Debug|Any CPU.ActiveCfg = Debug|Any CPU
		{7F4D8EE9-56E6-446C-B582-34CDFD7A29B0}.Debug|Any CPU.Build.0 = Debug|Any CPU
		{7F4D8EE9-56E6-446C-B582-34CDFD7A29B0}.Release|Any CPU.ActiveCfg = Release|Any CPU
		{7F4D8EE9-56E6-446C-B582-34CDFD7A29B0}.Release|Any CPU.Build.0 = Release|Any CPU
	EndGlobalSection
	GlobalSection(SolutionProperties) = preSolution
		HideSolutionNode = FALSE
	EndGlobalSection
	GlobalSection(ExtensibilityGlobals) = postSolution
		SolutionGuid = {914F33A0-A2CB-4C18-B1E4-00D1BB69A62A}
	EndGlobalSection
EndGlobal
